// !$*UTF8*$!
{
	archiveVersion = 1;
	classes = {
	};
	objectVersion = 50;
	objects = {

/* Begin PBXBuildFile section */
		AB233CD0244FDCD400471C08 /* Tasks.xcdatamodeld in Sources */ = {isa = PBXBuildFile; fileRef = AB233CCE244FDCD300471C08 /* Tasks.xcdatamodeld */; };
		AB233CD2244FE38100471C08 /* Task+Convenience.swift in Sources */ = {isa = PBXBuildFile; fileRef = AB233CD1244FE38100471C08 /* Task+Convenience.swift */; };
		AB233CD5244FE73200471C08 /* CoreDataStack.swift in Sources */ = {isa = PBXBuildFile; fileRef = AB233CD4244FE73200471C08 /* CoreDataStack.swift */; };
		CEB451C8244E59CD00E5F9AD /* AppDelegate.swift in Sources */ = {isa = PBXBuildFile; fileRef = CEB451C7244E59CD00E5F9AD /* AppDelegate.swift */; };
		CEB451CA244E59CD00E5F9AD /* SceneDelegate.swift in Sources */ = {isa = PBXBuildFile; fileRef = CEB451C9244E59CD00E5F9AD /* SceneDelegate.swift */; };
		CEB451CF244E59CD00E5F9AD /* Main.storyboard in Resources */ = {isa = PBXBuildFile; fileRef = CEB451CD244E59CD00E5F9AD /* Main.storyboard */; };
		CEB451D1244E59CF00E5F9AD /* Assets.xcassets in Resources */ = {isa = PBXBuildFile; fileRef = CEB451D0244E59CF00E5F9AD /* Assets.xcassets */; };
		CEB451D4244E59CF00E5F9AD /* LaunchScreen.storyboard in Resources */ = {isa = PBXBuildFile; fileRef = CEB451D2244E59CF00E5F9AD /* LaunchScreen.storyboard */; };
		CEB451DC244E5B3300E5F9AD /* TaskTableViewCell.swift in Sources */ = {isa = PBXBuildFile; fileRef = CEB451DB244E5B3300E5F9AD /* TaskTableViewCell.swift */; };
		CEB451DE244E5B3E00E5F9AD /* TasksTableViewController.swift in Sources */ = {isa = PBXBuildFile; fileRef = CEB451DD244E5B3E00E5F9AD /* TasksTableViewController.swift */; };
		CEB451E0244E5B4800E5F9AD /* CreateTaskViewController.swift in Sources */ = {isa = PBXBuildFile; fileRef = CEB451DF244E5B4800E5F9AD /* CreateTaskViewController.swift */; };
/* End PBXBuildFile section */

/* Begin PBXFileReference section */
		AB233CCF244FDCD400471C08 /* Tasks.xcdatamodel */ = {isa = PBXFileReference; lastKnownFileType = wrapper.xcdatamodel; path = Tasks.xcdatamodel; sourceTree = "<group>"; };
		AB233CD1244FE38100471C08 /* Task+Convenience.swift */ = {isa = PBXFileReference; lastKnownFileType = sourcecode.swift; path = "Task+Convenience.swift"; sourceTree = "<group>"; };
		AB233CD4244FE73200471C08 /* CoreDataStack.swift */ = {isa = PBXFileReference; lastKnownFileType = sourcecode.swift; path = CoreDataStack.swift; sourceTree = "<group>"; };
		CEB451C4244E59CD00E5F9AD /* Tasks.app */ = {isa = PBXFileReference; explicitFileType = wrapper.application; includeInIndex = 0; path = Tasks.app; sourceTree = BUILT_PRODUCTS_DIR; };
		CEB451C7244E59CD00E5F9AD /* AppDelegate.swift */ = {isa = PBXFileReference; lastKnownFileType = sourcecode.swift; path = AppDelegate.swift; sourceTree = "<group>"; };
		CEB451C9244E59CD00E5F9AD /* SceneDelegate.swift */ = {isa = PBXFileReference; lastKnownFileType = sourcecode.swift; path = SceneDelegate.swift; sourceTree = "<group>"; };
		CEB451CE244E59CD00E5F9AD /* Base */ = {isa = PBXFileReference; lastKnownFileType = file.storyboard; name = Base; path = Base.lproj/Main.storyboard; sourceTree = "<group>"; };
		CEB451D0244E59CF00E5F9AD /* Assets.xcassets */ = {isa = PBXFileReference; lastKnownFileType = folder.assetcatalog; path = Assets.xcassets; sourceTree = "<group>"; };
		CEB451D3244E59CF00E5F9AD /* Base */ = {isa = PBXFileReference; lastKnownFileType = file.storyboard; name = Base; path = Base.lproj/LaunchScreen.storyboard; sourceTree = "<group>"; };
		CEB451D5244E59CF00E5F9AD /* Info.plist */ = {isa = PBXFileReference; lastKnownFileType = text.plist.xml; path = Info.plist; sourceTree = "<group>"; };
		CEB451DB244E5B3300E5F9AD /* TaskTableViewCell.swift */ = {isa = PBXFileReference; lastKnownFileType = sourcecode.swift; path = TaskTableViewCell.swift; sourceTree = "<group>"; };
		CEB451DD244E5B3E00E5F9AD /* TasksTableViewController.swift */ = {isa = PBXFileReference; lastKnownFileType = sourcecode.swift; path = TasksTableViewController.swift; sourceTree = "<group>"; };
		CEB451DF244E5B4800E5F9AD /* CreateTaskViewController.swift */ = {isa = PBXFileReference; lastKnownFileType = sourcecode.swift; path = CreateTaskViewController.swift; sourceTree = "<group>"; };
/* End PBXFileReference section */

/* Begin PBXFrameworksBuildPhase section */
		CEB451C1244E59CD00E5F9AD /* Frameworks */ = {
			isa = PBXFrameworksBuildPhase;
			buildActionMask = 2147483647;
			files = (
			);
			runOnlyForDeploymentPostprocessing = 0;
		};
/* End PBXFrameworksBuildPhase section */

/* Begin PBXGroup section */
		AB233CD3244FE39300471C08 /* Model */ = {
			isa = PBXGroup;
			children = (
				AB233CCE244FDCD300471C08 /* Tasks.xcdatamodeld */,
				AB233CD1244FE38100471C08 /* Task+Convenience.swift */,
				AB233CD4244FE73200471C08 /* CoreDataStack.swift */,
			);
			path = Model;
			sourceTree = "<group>";
		};
		CEB451BB244E59CD00E5F9AD = {
			isa = PBXGroup;
			children = (
				CEB451C6244E59CD00E5F9AD /* Tasks */,
				CEB451C5244E59CD00E5F9AD /* Products */,
			);
			sourceTree = "<group>";
		};
		CEB451C5244E59CD00E5F9AD /* Products */ = {
			isa = PBXGroup;
			children = (
				CEB451C4244E59CD00E5F9AD /* Tasks.app */,
			);
			name = Products;
			sourceTree = "<group>";
		};
		CEB451C6244E59CD00E5F9AD /* Tasks */ = {
			isa = PBXGroup;
			children = (
				CEB451E1244E5B5700E5F9AD /* Application */,
				CEB451E2244E5B6000E5F9AD /* View Controllers */,
				CEB451E3244E5B6900E5F9AD /* Views */,
				AB233CD3244FE39300471C08 /* Model */,
				CEB451D0244E59CF00E5F9AD /* Assets.xcassets */,
				CEB451D2244E59CF00E5F9AD /* LaunchScreen.storyboard */,
				CEB451D5244E59CF00E5F9AD /* Info.plist */,
			);
			path = Tasks;
			sourceTree = "<group>";
		};
		CEB451E1244E5B5700E5F9AD /* Application */ = {
			isa = PBXGroup;
			children = (
				CEB451C7244E59CD00E5F9AD /* AppDelegate.swift */,
				CEB451C9244E59CD00E5F9AD /* SceneDelegate.swift */,
			);
			path = Application;
			sourceTree = "<group>";
		};
		CEB451E2244E5B6000E5F9AD /* View Controllers */ = {
			isa = PBXGroup;
			children = (
				CEB451DD244E5B3E00E5F9AD /* TasksTableViewController.swift */,
				CEB451DF244E5B4800E5F9AD /* CreateTaskViewController.swift */,
			);
			path = "View Controllers";
			sourceTree = "<group>";
		};
		CEB451E3244E5B6900E5F9AD /* Views */ = {
			isa = PBXGroup;
			children = (
				CEB451CD244E59CD00E5F9AD /* Main.storyboard */,
				CEB451DB244E5B3300E5F9AD /* TaskTableViewCell.swift */,
			);
			path = Views;
			sourceTree = "<group>";
		};
/* End PBXGroup section */

/* Begin PBXNativeTarget section */
		CEB451C3244E59CD00E5F9AD /* Tasks */ = {
			isa = PBXNativeTarget;
			buildConfigurationList = CEB451D8244E59CF00E5F9AD /* Build configuration list for PBXNativeTarget "Tasks" */;
			buildPhases = (
				CEB451C0244E59CD00E5F9AD /* Sources */,
				CEB451C1244E59CD00E5F9AD /* Frameworks */,
				CEB451C2244E59CD00E5F9AD /* Resources */,
			);
			buildRules = (
			);
			dependencies = (
			);
			name = Tasks;
			productName = Tasks;
			productReference = CEB451C4244E59CD00E5F9AD /* Tasks.app */;
			productType = "com.apple.product-type.application";
		};
/* End PBXNativeTarget section */

/* Begin PBXProject section */
		CEB451BC244E59CD00E5F9AD /* Project object */ = {
			isa = PBXProject;
			attributes = {
				LastSwiftUpdateCheck = 1140;
				LastUpgradeCheck = 1140;
				ORGANIZATIONNAME = "Lambda School";
				TargetAttributes = {
					CEB451C3244E59CD00E5F9AD = {
						CreatedOnToolsVersion = 11.4.1;
					};
				};
			};
			buildConfigurationList = CEB451BF244E59CD00E5F9AD /* Build configuration list for PBXProject "Tasks" */;
			compatibilityVersion = "Xcode 9.3";
			developmentRegion = en;
			hasScannedForEncodings = 0;
			knownRegions = (
				en,
				Base,
			);
			mainGroup = CEB451BB244E59CD00E5F9AD;
			productRefGroup = CEB451C5244E59CD00E5F9AD /* Products */;
			projectDirPath = "";
			projectRoot = "";
			targets = (
				CEB451C3244E59CD00E5F9AD /* Tasks */,
			);
		};
/* End PBXProject section */

/* Begin PBXResourcesBuildPhase section */
		CEB451C2244E59CD00E5F9AD /* Resources */ = {
			isa = PBXResourcesBuildPhase;
			buildActionMask = 2147483647;
			files = (
				CEB451D4244E59CF00E5F9AD /* LaunchScreen.storyboard in Resources */,
				CEB451D1244E59CF00E5F9AD /* Assets.xcassets in Resources */,
				CEB451CF244E59CD00E5F9AD /* Main.storyboard in Resources */,
			);
			runOnlyForDeploymentPostprocessing = 0;
		};
/* End PBXResourcesBuildPhase section */

/* Begin PBXSourcesBuildPhase section */
		CEB451C0244E59CD00E5F9AD /* Sources */ = {
			isa = PBXSourcesBuildPhase;
			buildActionMask = 2147483647;
			files = (
				CEB451C8244E59CD00E5F9AD /* AppDelegate.swift in Sources */,
				CEB451CA244E59CD00E5F9AD /* SceneDelegate.swift in Sources */,
				AB233CD0244FDCD400471C08 /* Tasks.xcdatamodeld in Sources */,
				AB233CD2244FE38100471C08 /* Task+Convenience.swift in Sources */,
				CEB451DE244E5B3E00E5F9AD /* TasksTableViewController.swift in Sources */,
				CEB451DC244E5B3300E5F9AD /* TaskTableViewCell.swift in Sources */,
				CEB451E0244E5B4800E5F9AD /* CreateTaskViewController.swift in Sources */,
				AB233CD5244FE73200471C08 /* CoreDataStack.swift in Sources */,
			);
			runOnlyForDeploymentPostprocessing = 0;
		};
/* End PBXSourcesBuildPhase section */

/* Begin PBXVariantGroup section */
		CEB451CD244E59CD00E5F9AD /* Main.storyboard */ = {
			isa = PBXVariantGroup;
			children = (
				CEB451CE244E59CD00E5F9AD /* Base */,
			);
			name = Main.storyboard;
			sourceTree = "<group>";
		};
		CEB451D2244E59CF00E5F9AD /* LaunchScreen.storyboard */ = {
			isa = PBXVariantGroup;
			children = (
				CEB451D3244E59CF00E5F9AD /* Base */,
			);
			name = LaunchScreen.storyboard;
			sourceTree = "<group>";
		};
/* End PBXVariantGroup section */

/* Begin XCBuildConfiguration section */
		CEB451D6244E59CF00E5F9AD /* Debug */ = {
			isa = XCBuildConfiguration;
			buildSettings = {
				ALWAYS_SEARCH_USER_PATHS = NO;
				CLANG_ANALYZER_NONNULL = YES;
				CLANG_ANALYZER_NUMBER_OBJECT_CONVERSION = YES_AGGRESSIVE;
				CLANG_CXX_LANGUAGE_STANDARD = "gnu++14";
				CLANG_CXX_LIBRARY = "libc++";
				CLANG_ENABLE_MODULES = YES;
				CLANG_ENABLE_OBJC_ARC = YES;
				CLANG_ENABLE_OBJC_WEAK = YES;
				CLANG_WARN_BLOCK_CAPTURE_AUTORELEASING = YES;
				CLANG_WARN_BOOL_CONVERSION = YES;
				CLANG_WARN_COMMA = YES;
				CLANG_WARN_CONSTANT_CONVERSION = YES;
				CLANG_WARN_DEPRECATED_OBJC_IMPLEMENTATIONS = YES;
				CLANG_WARN_DIRECT_OBJC_ISA_USAGE = YES_ERROR;
				CLANG_WARN_DOCUMENTATION_COMMENTS = YES;
				CLANG_WARN_EMPTY_BODY = YES;
				CLANG_WARN_ENUM_CONVERSION = YES;
				CLANG_WARN_INFINITE_RECURSION = YES;
				CLANG_WARN_INT_CONVERSION = YES;
				CLANG_WARN_NON_LITERAL_NULL_CONVERSION = YES;
				CLANG_WARN_OBJC_IMPLICIT_RETAIN_SELF = YES;
				CLANG_WARN_OBJC_LITERAL_CONVERSION = YES;
				CLANG_WARN_OBJC_ROOT_CLASS = YES_ERROR;
				CLANG_WARN_RANGE_LOOP_ANALYSIS = YES;
				CLANG_WARN_STRICT_PROTOTYPES = YES;
				CLANG_WARN_SUSPICIOUS_MOVE = YES;
				CLANG_WARN_UNGUARDED_AVAILABILITY = YES_AGGRESSIVE;
				CLANG_WARN_UNREACHABLE_CODE = YES;
				CLANG_WARN__DUPLICATE_METHOD_MATCH = YES;
				COPY_PHASE_STRIP = NO;
				DEBUG_INFORMATION_FORMAT = dwarf;
				ENABLE_STRICT_OBJC_MSGSEND = YES;
				ENABLE_TESTABILITY = YES;
				GCC_C_LANGUAGE_STANDARD = gnu11;
				GCC_DYNAMIC_NO_PIC = NO;
				GCC_NO_COMMON_BLOCKS = YES;
				GCC_OPTIMIZATION_LEVEL = 0;
				GCC_PREPROCESSOR_DEFINITIONS = (
					"DEBUG=1",
					"$(inherited)",
				);
				GCC_WARN_64_TO_32_BIT_CONVERSION = YES;
				GCC_WARN_ABOUT_RETURN_TYPE = YES_ERROR;
				GCC_WARN_UNDECLARED_SELECTOR = YES;
				GCC_WARN_UNINITIALIZED_AUTOS = YES_AGGRESSIVE;
				GCC_WARN_UNUSED_FUNCTION = YES;
				GCC_WARN_UNUSED_VARIABLE = YES;
				IPHONEOS_DEPLOYMENT_TARGET = 13.4;
				MTL_ENABLE_DEBUG_INFO = INCLUDE_SOURCE;
				MTL_FAST_MATH = YES;
				ONLY_ACTIVE_ARCH = YES;
				SDKROOT = iphoneos;
				SWIFT_ACTIVE_COMPILATION_CONDITIONS = DEBUG;
				SWIFT_OPTIMIZATION_LEVEL = "-Onone";
			};
			name = Debug;
		};
		CEB451D7244E59CF00E5F9AD /* Release */ = {
			isa = XCBuildConfiguration;
			buildSettings = {
				ALWAYS_SEARCH_USER_PATHS = NO;
				CLANG_ANALYZER_NONNULL = YES;
				CLANG_ANALYZER_NUMBER_OBJECT_CONVERSION = YES_AGGRESSIVE;
				CLANG_CXX_LANGUAGE_STANDARD = "gnu++14";
				CLANG_CXX_LIBRARY = "libc++";
				CLANG_ENABLE_MODULES = YES;
				CLANG_ENABLE_OBJC_ARC = YES;
				CLANG_ENABLE_OBJC_WEAK = YES;
				CLANG_WARN_BLOCK_CAPTURE_AUTORELEASING = YES;
				CLANG_WARN_BOOL_CONVERSION = YES;
				CLANG_WARN_COMMA = YES;
				CLANG_WARN_CONSTANT_CONVERSION = YES;
				CLANG_WARN_DEPRECATED_OBJC_IMPLEMENTATIONS = YES;
				CLANG_WARN_DIRECT_OBJC_ISA_USAGE = YES_ERROR;
				CLANG_WARN_DOCUMENTATION_COMMENTS = YES;
				CLANG_WARN_EMPTY_BODY = YES;
				CLANG_WARN_ENUM_CONVERSION = YES;
				CLANG_WARN_INFINITE_RECURSION = YES;
				CLANG_WARN_INT_CONVERSION = YES;
				CLANG_WARN_NON_LITERAL_NULL_CONVERSION = YES;
				CLANG_WARN_OBJC_IMPLICIT_RETAIN_SELF = YES;
				CLANG_WARN_OBJC_LITERAL_CONVERSION = YES;
				CLANG_WARN_OBJC_ROOT_CLASS = YES_ERROR;
				CLANG_WARN_RANGE_LOOP_ANALYSIS = YES;
				CLANG_WARN_STRICT_PROTOTYPES = YES;
				CLANG_WARN_SUSPICIOUS_MOVE = YES;
				CLANG_WARN_UNGUARDED_AVAILABILITY = YES_AGGRESSIVE;
				CLANG_WARN_UNREACHABLE_CODE = YES;
				CLANG_WARN__DUPLICATE_METHOD_MATCH = YES;
				COPY_PHASE_STRIP = NO;
				DEBUG_INFORMATION_FORMAT = "dwarf-with-dsym";
				ENABLE_NS_ASSERTIONS = NO;
				ENABLE_STRICT_OBJC_MSGSEND = YES;
				GCC_C_LANGUAGE_STANDARD = gnu11;
				GCC_NO_COMMON_BLOCKS = YES;
				GCC_WARN_64_TO_32_BIT_CONVERSION = YES;
				GCC_WARN_ABOUT_RETURN_TYPE = YES_ERROR;
				GCC_WARN_UNDECLARED_SELECTOR = YES;
				GCC_WARN_UNINITIALIZED_AUTOS = YES_AGGRESSIVE;
				GCC_WARN_UNUSED_FUNCTION = YES;
				GCC_WARN_UNUSED_VARIABLE = YES;
				IPHONEOS_DEPLOYMENT_TARGET = 13.4;
				MTL_ENABLE_DEBUG_INFO = NO;
				MTL_FAST_MATH = YES;
				SDKROOT = iphoneos;
				SWIFT_COMPILATION_MODE = wholemodule;
				SWIFT_OPTIMIZATION_LEVEL = "-O";
				VALIDATE_PRODUCT = YES;
			};
			name = Release;
		};
		CEB451D9244E59CF00E5F9AD /* Debug */ = {
			isa = XCBuildConfiguration;
			buildSettings = {
				ASSETCATALOG_COMPILER_APPICON_NAME = AppIcon;
				CODE_SIGN_STYLE = Automatic;
				DEVELOPMENT_TEAM = 46XAGWCJPW;
				INFOPLIST_FILE = Tasks/Info.plist;
				LD_RUNPATH_SEARCH_PATHS = (
					"$(inherited)",
					"@executable_path/Frameworks",
				);
				PRODUCT_BUNDLE_IDENTIFIER = com.lambdaschool.Tasks;
				PRODUCT_NAME = "$(TARGET_NAME)";
				SWIFT_VERSION = 5.0;
				TARGETED_DEVICE_FAMILY = "1,2";
			};
			name = Debug;
		};
		CEB451DA244E59CF00E5F9AD /* Release */ = {
			isa = XCBuildConfiguration;
			buildSettings = {
				ASSETCATALOG_COMPILER_APPICON_NAME = AppIcon;
				CODE_SIGN_STYLE = Automatic;
				DEVELOPMENT_TEAM = 46XAGWCJPW;
				INFOPLIST_FILE = Tasks/Info.plist;
				LD_RUNPATH_SEARCH_PATHS = (
					"$(inherited)",
					"@executable_path/Frameworks",
				);
				PRODUCT_BUNDLE_IDENTIFIER = com.lambdaschool.Tasks;
				PRODUCT_NAME = "$(TARGET_NAME)";
				SWIFT_VERSION = 5.0;
				TARGETED_DEVICE_FAMILY = "1,2";
			};
			name = Release;
		};
/* End XCBuildConfiguration section */

/* Begin XCConfigurationList section */
		CEB451BF244E59CD00E5F9AD /* Build configuration list for PBXProject "Tasks" */ = {
			isa = XCConfigurationList;
			buildConfigurations = (
				CEB451D6244E59CF00E5F9AD /* Debug */,
				CEB451D7244E59CF00E5F9AD /* Release */,
			);
			defaultConfigurationIsVisible = 0;
			defaultConfigurationName = Release;
		};
		CEB451D8244E59CF00E5F9AD /* Build configuration list for PBXNativeTarget "Tasks" */ = {
			isa = XCConfigurationList;
			buildConfigurations = (
				CEB451D9244E59CF00E5F9AD /* Debug */,
				CEB451DA244E59CF00E5F9AD /* Release */,
			);
			defaultConfigurationIsVisible = 0;
			defaultConfigurationName = Release;
		};
/* End XCConfigurationList section */

/* Begin XCVersionGroup section */
		AB233CCE244FDCD300471C08 /* Tasks.xcdatamodeld */ = {
			isa = XCVersionGroup;
			children = (
				AB233CCF244FDCD400471C08 /* Tasks.xcdatamodel */,
			);
			currentVersion = AB233CCF244FDCD400471C08 /* Tasks.xcdatamodel */;
			path = Tasks.xcdatamodeld;
			sourceTree = "<group>";
			versionGroupType = wrapper.xcdatamodel;
		};
/* End XCVersionGroup section */
	};
	rootObject = CEB451BC244E59CD00E5F9AD /* Project object */;
}
